
Microsoft Visual Studio Solution File, Format Version 12.00
# Visual Studio 14
VisualStudioVersion = 14.0.25420.1
MinimumVisualStudioVersion = 10.0.40219.1
Project("{8BC9CEB8-8B4A-11D0-8D11-00A0C91BC942}") = "Pokazivaci", "Pokazivaci\Pokazivaci.vcxproj", "{59F3ECE7-DCF6-4281-B16C-22545C1D80B1}"
EndProject
Project("{8BC9CEB8-8B4A-11D0-8D11-00A0C91BC942}") = "Adrese", "Adrese\Adrese.vcxproj", "{62274C44-16EC-40EA-86B5-DA6454A5C9CE}"
EndProject
Project("{8BC9CEB8-8B4A-11D0-8D11-00A0C91BC942}") = "DatumJMBG", "DatumJMBG\DatumJMBG.vcxproj", "{09229EF4-D1C1-44F9-8E4D-C39FF3428D35}"
EndProject
Project("{8BC9CEB8-8B4A-11D0-8D11-00A0C91BC942}") = "DvodimenzionalnoPolje", "DvodimenzionalnoPolje\DvodimenzionalnoPolje.vcxproj", "{5080E50D-6297-472D-A7A4-027CA90998FF}"
EndProject
Project("{8BC9CEB8-8B4A-11D0-8D11-00A0C91BC942}") = "Porez", "Porez\Porez.vcxproj", "{0E2E3DF8-E8DD-4B92-89CC-0707F1E422F9}"
EndProject
Project("{8BC9CEB8-8B4A-11D0-8D11-00A0C91BC942}") = "Rekurzija", "Rekurzija\Rekurzija.vcxproj", "{B5663759-10AF-4C19-9962-489F1E74CD94}"
EndProject
Project("{8BC9CEB8-8B4A-11D0-8D11-00A0C91BC942}") = "TehnikeAdresiranja", "TehnikeAdresiranja\TehnikeAdresiranja.vcxproj", "{F62AAA29-7F7B-4D80-8018-EB40B078E054}"
EndProject
Project("{8BC9CEB8-8B4A-11D0-8D11-00A0C91BC942}") = "RasprsenoAdresiranje", "RasprsenoAdresiranje\RasprsenoAdresiranje.vcxproj", "{5BDE27C7-7C13-4006-AD37-F4DDEEFA6873}"
EndProject
Project("{8BC9CEB8-8B4A-11D0-8D11-00A0C91BC942}") = "MillionSong", "MillionSong\MillionSong.vcxproj", "{31E73B76-F333-4065-9C6B-B4C78FE7BD76}"
EndProject
Project("{8BC9CEB8-8B4A-11D0-8D11-00A0C91BC942}") = "Liste", "Liste\Liste.vcxproj", "{893784AD-D4BA-434A-8DC0-6A2954338733}"
EndProject
Project("{8BC9CEB8-8B4A-11D0-8D11-00A0C91BC942}") = "Stog", "Stog\Stog.vcxproj", "{EC5FF717-D5F1-4A63-9D70-511E50D5BACA}"
EndProject
Project("{8BC9CEB8-8B4A-11D0-8D11-00A0C91BC942}") = "Red", "Red\Red.vcxproj", "{B26D7F10-C99C-4B20-9227-466F289F55AD}"
EndProject
Project("{8BC9CEB8-8B4A-11D0-8D11-00A0C91BC942}") = "StogLista", "StogLista\StogLista.vcxproj", "{9E3E4C61-0388-4427-88FB-0DF84E17B563}"
EndProject
Global
	GlobalSection(SolutionConfigurationPlatforms) = preSolution
		Debug|Any CPU = Debug|Any CPU
		Debug|x64 = Debug|x64
		Debug|x86 = Debug|x86
		Release|Any CPU = Release|Any CPU
		Release|x64 = Release|x64
		Release|x86 = Release|x86
	EndGlobalSection
	GlobalSection(ProjectConfigurationPlatforms) = postSolution
		{59F3ECE7-DCF6-4281-B16C-22545C1D80B1}.Debug|Any CPU.ActiveCfg = Debug|Win32
		{59F3ECE7-DCF6-4281-B16C-22545C1D80B1}.Debug|x64.ActiveCfg = Debug|x64
		{59F3ECE7-DCF6-4281-B16C-22545C1D80B1}.Debug|x64.Build.0 = Debug|x64
		{59F3ECE7-DCF6-4281-B16C-22545C1D80B1}.Debug|x86.ActiveCfg = Debug|Win32
		{59F3ECE7-DCF6-4281-B16C-22545C1D80B1}.Debug|x86.Build.0 = Debug|Win32
		{59F3ECE7-DCF6-4281-B16C-22545C1D80B1}.Release|Any CPU.ActiveCfg = Release|Win32
		{59F3ECE7-DCF6-4281-B16C-22545C1D80B1}.Release|x64.ActiveCfg = Release|x64
		{59F3ECE7-DCF6-4281-B16C-22545C1D80B1}.Release|x64.Build.0 = Release|x64
		{59F3ECE7-DCF6-4281-B16C-22545C1D80B1}.Release|x86.ActiveCfg = Release|Win32
		{59F3ECE7-DCF6-4281-B16C-22545C1D80B1}.Release|x86.Build.0 = Release|Win32
		{62274C44-16EC-40EA-86B5-DA6454A5C9CE}.Debug|Any CPU.ActiveCfg = Debug|Win32
		{62274C44-16EC-40EA-86B5-DA6454A5C9CE}.Debug|x64.ActiveCfg = Debug|x64
		{62274C44-16EC-40EA-86B5-DA6454A5C9CE}.Debug|x64.Build.0 = Debug|x64
		{62274C44-16EC-40EA-86B5-DA6454A5C9CE}.Debug|x86.ActiveCfg = Debug|Win32
		{62274C44-16EC-40EA-86B5-DA6454A5C9CE}.Debug|x86.Build.0 = Debug|Win32
		{62274C44-16EC-40EA-86B5-DA6454A5C9CE}.Release|Any CPU.ActiveCfg = Release|Win32
		{62274C44-16EC-40EA-86B5-DA6454A5C9CE}.Release|x64.ActiveCfg = Release|x64
		{62274C44-16EC-40EA-86B5-DA6454A5C9CE}.Release|x64.Build.0 = Release|x64
		{62274C44-16EC-40EA-86B5-DA6454A5C9CE}.Release|x86.ActiveCfg = Release|Win32
		{62274C44-16EC-40EA-86B5-DA6454A5C9CE}.Release|x86.Build.0 = Release|Win32
		{09229EF4-D1C1-44F9-8E4D-C39FF3428D35}.Debug|Any CPU.ActiveCfg = Debug|Win32
		{09229EF4-D1C1-44F9-8E4D-C39FF3428D35}.Debug|x64.ActiveCfg = Debug|x64
		{09229EF4-D1C1-44F9-8E4D-C39FF3428D35}.Debug|x64.Build.0 = Debug|x64
		{09229EF4-D1C1-44F9-8E4D-C39FF3428D35}.Debug|x86.ActiveCfg = Debug|Win32
		{09229EF4-D1C1-44F9-8E4D-C39FF3428D35}.Debug|x86.Build.0 = Debug|Win32
		{09229EF4-D1C1-44F9-8E4D-C39FF3428D35}.Release|Any CPU.ActiveCfg = Release|Win32
		{09229EF4-D1C1-44F9-8E4D-C39FF3428D35}.Release|x64.ActiveCfg = Release|x64
		{09229EF4-D1C1-44F9-8E4D-C39FF3428D35}.Release|x64.Build.0 = Release|x64
		{09229EF4-D1C1-44F9-8E4D-C39FF3428D35}.Release|x86.ActiveCfg = Release|Win32
		{09229EF4-D1C1-44F9-8E4D-C39FF3428D35}.Release|x86.Build.0 = Release|Win32
		{5080E50D-6297-472D-A7A4-027CA90998FF}.Debug|Any CPU.ActiveCfg = Debug|Win32
		{5080E50D-6297-472D-A7A4-027CA90998FF}.Debug|x64.ActiveCfg = Debug|x64
		{5080E50D-6297-472D-A7A4-027CA90998FF}.Debug|x64.Build.0 = Debug|x64
		{5080E50D-6297-472D-A7A4-027CA90998FF}.Debug|x86.ActiveCfg = Debug|Win32
		{5080E50D-6297-472D-A7A4-027CA90998FF}.Debug|x86.Build.0 = Debug|Win32
		{5080E50D-6297-472D-A7A4-027CA90998FF}.Release|Any CPU.ActiveCfg = Release|Win32
		{5080E50D-6297-472D-A7A4-027CA90998FF}.Release|x64.ActiveCfg = Release|x64
		{5080E50D-6297-472D-A7A4-027CA90998FF}.Release|x64.Build.0 = Release|x64
		{5080E50D-6297-472D-A7A4-027CA90998FF}.Release|x86.ActiveCfg = Release|Win32
		{5080E50D-6297-472D-A7A4-027CA90998FF}.Release|x86.Build.0 = Release|Win32
		{0E2E3DF8-E8DD-4B92-89CC-0707F1E422F9}.Debug|Any CPU.ActiveCfg = Debug|Win32
		{0E2E3DF8-E8DD-4B92-89CC-0707F1E422F9}.Debug|x64.ActiveCfg = Debug|x64
		{0E2E3DF8-E8DD-4B92-89CC-0707F1E422F9}.Debug|x64.Build.0 = Debug|x64
		{0E2E3DF8-E8DD-4B92-89CC-0707F1E422F9}.Debug|x86.ActiveCfg = Debug|Win32
		{0E2E3DF8-E8DD-4B92-89CC-0707F1E422F9}.Debug|x86.Build.0 = Debug|Win32
		{0E2E3DF8-E8DD-4B92-89CC-0707F1E422F9}.Release|Any CPU.ActiveCfg = Release|Win32
		{0E2E3DF8-E8DD-4B92-89CC-0707F1E422F9}.Release|x64.ActiveCfg = Release|x64
		{0E2E3DF8-E8DD-4B92-89CC-0707F1E422F9}.Release|x64.Build.0 = Release|x64
		{0E2E3DF8-E8DD-4B92-89CC-0707F1E422F9}.Release|x86.ActiveCfg = Release|Win32
		{0E2E3DF8-E8DD-4B92-89CC-0707F1E422F9}.Release|x86.Build.0 = Release|Win32
		{B5663759-10AF-4C19-9962-489F1E74CD94}.Debug|Any CPU.ActiveCfg = Debug|Win32
		{B5663759-10AF-4C19-9962-489F1E74CD94}.Debug|x64.ActiveCfg = Debug|x64
		{B5663759-10AF-4C19-9962-489F1E74CD94}.Debug|x64.Build.0 = Debug|x64
		{B5663759-10AF-4C19-9962-489F1E74CD94}.Debug|x86.ActiveCfg = Debug|Win32
		{B5663759-10AF-4C19-9962-489F1E74CD94}.Debug|x86.Build.0 = Debug|Win32
		{B5663759-10AF-4C19-9962-489F1E74CD94}.Release|Any CPU.ActiveCfg = Release|Win32
		{B5663759-10AF-4C19-9962-489F1E74CD94}.Release|x64.ActiveCfg = Release|x64
		{B5663759-10AF-4C19-9962-489F1E74CD94}.Release|x64.Build.0 = Release|x64
		{B5663759-10AF-4C19-9962-489F1E74CD94}.Release|x86.ActiveCfg = Release|Win32
		{B5663759-10AF-4C19-9962-489F1E74CD94}.Release|x86.Build.0 = Release|Win32
		{F62AAA29-7F7B-4D80-8018-EB40B078E054}.Debug|Any CPU.ActiveCfg = Debug|Win32
		{F62AAA29-7F7B-4D80-8018-EB40B078E054}.Debug|x64.ActiveCfg = Debug|x64
		{F62AAA29-7F7B-4D80-8018-EB40B078E054}.Debug|x64.Build.0 = Debug|x64
		{F62AAA29-7F7B-4D80-8018-EB40B078E054}.Debug|x86.ActiveCfg = Debug|Win32
		{F62AAA29-7F7B-4D80-8018-EB40B078E054}.Debug|x86.Build.0 = Debug|Win32
		{F62AAA29-7F7B-4D80-8018-EB40B078E054}.Release|Any CPU.ActiveCfg = Release|Win32
		{F62AAA29-7F7B-4D80-8018-EB40B078E054}.Release|x64.ActiveCfg = Release|x64
		{F62AAA29-7F7B-4D80-8018-EB40B078E054}.Release|x64.Build.0 = Release|x64
		{F62AAA29-7F7B-4D80-8018-EB40B078E054}.Release|x86.ActiveCfg = Release|Win32
		{F62AAA29-7F7B-4D80-8018-EB40B078E054}.Release|x86.Build.0 = Release|Win32
		{5BDE27C7-7C13-4006-AD37-F4DDEEFA6873}.Debug|Any CPU.ActiveCfg = Debug|Win32
		{5BDE27C7-7C13-4006-AD37-F4DDEEFA6873}.Debug|x64.ActiveCfg = Debug|x64
		{5BDE27C7-7C13-4006-AD37-F4DDEEFA6873}.Debug|x64.Build.0 = Debug|x64
		{5BDE27C7-7C13-4006-AD37-F4DDEEFA6873}.Debug|x86.ActiveCfg = Debug|Win32
		{5BDE27C7-7C13-4006-AD37-F4DDEEFA6873}.Debug|x86.Build.0 = Debug|Win32
		{5BDE27C7-7C13-4006-AD37-F4DDEEFA6873}.Release|Any CPU.ActiveCfg = Release|Win32
		{5BDE27C7-7C13-4006-AD37-F4DDEEFA6873}.Release|x64.ActiveCfg = Release|x64
		{5BDE27C7-7C13-4006-AD37-F4DDEEFA6873}.Release|x64.Build.0 = Release|x64
		{5BDE27C7-7C13-4006-AD37-F4DDEEFA6873}.Release|x86.ActiveCfg = Release|Win32
		{5BDE27C7-7C13-4006-AD37-F4DDEEFA6873}.Release|x86.Build.0 = Release|Win32
		{31E73B76-F333-4065-9C6B-B4C78FE7BD76}.Debug|Any CPU.ActiveCfg = Debug|Win32
		{31E73B76-F333-4065-9C6B-B4C78FE7BD76}.Debug|x64.ActiveCfg = Debug|x64
		{31E73B76-F333-4065-9C6B-B4C78FE7BD76}.Debug|x64.Build.0 = Debug|x64
		{31E73B76-F333-4065-9C6B-B4C78FE7BD76}.Debug|x86.ActiveCfg = Debug|Win32
		{31E73B76-F333-4065-9C6B-B4C78FE7BD76}.Debug|x86.Build.0 = Debug|Win32
		{31E73B76-F333-4065-9C6B-B4C78FE7BD76}.Release|Any CPU.ActiveCfg = Release|Win32
		{31E73B76-F333-4065-9C6B-B4C78FE7BD76}.Release|x64.ActiveCfg = Release|x64
		{31E73B76-F333-4065-9C6B-B4C78FE7BD76}.Release|x64.Build.0 = Release|x64
		{31E73B76-F333-4065-9C6B-B4C78FE7BD76}.Release|x86.ActiveCfg = Release|Win32
		{31E73B76-F333-4065-9C6B-B4C78FE7BD76}.Release|x86.Build.0 = Release|Win32
		{893784AD-D4BA-434A-8DC0-6A2954338733}.Debug|Any CPU.ActiveCfg = Debug|Win32
		{893784AD-D4BA-434A-8DC0-6A2954338733}.Debug|x64.ActiveCfg = Debug|x64
		{893784AD-D4BA-434A-8DC0-6A2954338733}.Debug|x64.Build.0 = Debug|x64
		{893784AD-D4BA-434A-8DC0-6A2954338733}.Debug|x86.ActiveCfg = Debug|Win32
		{893784AD-D4BA-434A-8DC0-6A2954338733}.Debug|x86.Build.0 = Debug|Win32
		{893784AD-D4BA-434A-8DC0-6A2954338733}.Release|Any CPU.ActiveCfg = Release|Win32
		{893784AD-D4BA-434A-8DC0-6A2954338733}.Release|x64.ActiveCfg = Release|x64
		{893784AD-D4BA-434A-8DC0-6A2954338733}.Release|x64.Build.0 = Release|x64
		{893784AD-D4BA-434A-8DC0-6A2954338733}.Release|x86.ActiveCfg = Release|Win32
		{893784AD-D4BA-434A-8DC0-6A2954338733}.Release|x86.Build.0 = Release|Win32
		{EC5FF717-D5F1-4A63-9D70-511E50D5BACA}.Debug|Any CPU.ActiveCfg = Debug|Win32
		{EC5FF717-D5F1-4A63-9D70-511E50D5BACA}.Debug|x64.ActiveCfg = Debug|x64
		{EC5FF717-D5F1-4A63-9D70-511E50D5BACA}.Debug|x64.Build.0 = Debug|x64
		{EC5FF717-D5F1-4A63-9D70-511E50D5BACA}.Debug|x86.ActiveCfg = Debug|Win32
		{EC5FF717-D5F1-4A63-9D70-511E50D5BACA}.Debug|x86.Build.0 = Debug|Win32
		{EC5FF717-D5F1-4A63-9D70-511E50D5BACA}.Release|Any CPU.ActiveCfg = Release|Win32
		{EC5FF717-D5F1-4A63-9D70-511E50D5BACA}.Release|x64.ActiveCfg = Release|x64
		{EC5FF717-D5F1-4A63-9D70-511E50D5BACA}.Release|x64.Build.0 = Release|x64
		{EC5FF717-D5F1-4A63-9D70-511E50D5BACA}.Release|x86.ActiveCfg = Release|Win32
		{EC5FF717-D5F1-4A63-9D70-511E50D5BACA}.Release|x86.Build.0 = Release|Win32
		{B26D7F10-C99C-4B20-9227-466F289F55AD}.Debug|Any CPU.ActiveCfg = Debug|Win32
		{B26D7F10-C99C-4B20-9227-466F289F55AD}.Debug|x64.ActiveCfg = Debug|x64
		{B26D7F10-C99C-4B20-9227-466F289F55AD}.Debug|x64.Build.0 = Debug|x64
		{B26D7F10-C99C-4B20-9227-466F289F55AD}.Debug|x86.ActiveCfg = Debug|Win32
		{B26D7F10-C99C-4B20-9227-466F289F55AD}.Debug|x86.Build.0 = Debug|Win32
		{B26D7F10-C99C-4B20-9227-466F289F55AD}.Release|Any CPU.ActiveCfg = Release|Win32
		{B26D7F10-C99C-4B20-9227-466F289F55AD}.Release|x64.ActiveCfg = Release|x64
		{B26D7F10-C99C-4B20-9227-466F289F55AD}.Release|x64.Build.0 = Release|x64
		{B26D7F10-C99C-4B20-9227-466F289F55AD}.Release|x86.ActiveCfg = Release|Win32
		{B26D7F10-C99C-4B20-9227-466F289F55AD}.Release|x86.Build.0 = Release|Win32
		{9E3E4C61-0388-4427-88FB-0DF84E17B563}.Debug|Any CPU.ActiveCfg = Debug|Win32
		{9E3E4C61-0388-4427-88FB-0DF84E17B563}.Debug|x64.ActiveCfg = Debug|x64
		{9E3E4C61-0388-4427-88FB-0DF84E17B563}.Debug|x64.Build.0 = Debug|x64
		{9E3E4C61-0388-4427-88FB-0DF84E17B563}.Debug|x86.ActiveCfg = Debug|Win32
		{9E3E4C61-0388-4427-88FB-0DF84E17B563}.Debug|x86.Build.0 = Debug|Win32
		{9E3E4C61-0388-4427-88FB-0DF84E17B563}.Release|Any CPU.ActiveCfg = Release|Win32
		{9E3E4C61-0388-4427-88FB-0DF84E17B563}.Release|x64.ActiveCfg = Release|x64
		{9E3E4C61-0388-4427-88FB-0DF84E17B563}.Release|x64.Build.0 = Release|x64
		{9E3E4C61-0388-4427-88FB-0DF84E17B563}.Release|x86.ActiveCfg = Release|Win32
		{9E3E4C61-0388-4427-88FB-0DF84E17B563}.Release|x86.Build.0 = Release|Win32
	EndGlobalSection
	GlobalSection(SolutionProperties) = preSolution
		HideSolutionNode = FALSE
	EndGlobalSection
EndGlobal
