
Microsoft Visual Studio Solution File, Format Version 12.00
# Visual Studio 14
VisualStudioVersion = 14.0.25420.1
MinimumVisualStudioVersion = 10.0.40219.1
Project("{8BC9CEB8-8B4A-11D0-8D11-00A0C91BC942}") = "Pokazivaci", "Pokazivaci\Pokazivaci.vcxproj", "{59F3ECE7-DCF6-4281-B16C-22545C1D80B1}"
EndProject
Project("{8BC9CEB8-8B4A-11D0-8D11-00A0C91BC942}") = "Adrese", "Adrese\Adrese.vcxproj", "{62274C44-16EC-40EA-86B5-DA6454A5C9CE}"
EndProject
Project("{8BC9CEB8-8B4A-11D0-8D11-00A0C91BC942}") = "DatumJMBG", "DatumJMBG\DatumJMBG.vcxproj", "{09229EF4-D1C1-44F9-8E4D-C39FF3428D35}"
EndProject
Project("{8BC9CEB8-8B4A-11D0-8D11-00A0C91BC942}") = "DvodimenzionalnoPolje", "DvodimenzionalnoPolje\DvodimenzionalnoPolje.vcxproj", "{5080E50D-6297-472D-A7A4-027CA90998FF}"
EndProject
Project("{8BC9CEB8-8B4A-11D0-8D11-00A0C91BC942}") = "Porez", "Porez\Porez.vcxproj", "{0E2E3DF8-E8DD-4B92-89CC-0707F1E422F9}"
EndProject
Project("{8BC9CEB8-8B4A-11D0-8D11-00A0C91BC942}") = "Rekurzija", "Rekurzija\Rekurzija.vcxproj", "{B5663759-10AF-4C19-9962-489F1E74CD94}"
EndProject
Project("{8BC9CEB8-8B4A-11D0-8D11-00A0C91BC942}") = "TehnikeAdresiranja", "TehnikeAdresiranja\TehnikeAdresiranja.vcxproj", "{F62AAA29-7F7B-4D80-8018-EB40B078E054}"
EndProject
Global
	GlobalSection(SolutionConfigurationPlatforms) = preSolution
		Debug|x64 = Debug|x64
		Debug|x86 = Debug|x86
		Release|x64 = Release|x64
		Release|x86 = Release|x86
	EndGlobalSection
	GlobalSection(ProjectConfigurationPlatforms) = postSolution
		{59F3ECE7-DCF6-4281-B16C-22545C1D80B1}.Debug|x64.ActiveCfg = Debug|x64
		{59F3ECE7-DCF6-4281-B16C-22545C1D80B1}.Debug|x64.Build.0 = Debug|x64
		{59F3ECE7-DCF6-4281-B16C-22545C1D80B1}.Debug|x86.ActiveCfg = Debug|Win32
		{59F3ECE7-DCF6-4281-B16C-22545C1D80B1}.Debug|x86.Build.0 = Debug|Win32
		{59F3ECE7-DCF6-4281-B16C-22545C1D80B1}.Release|x64.ActiveCfg = Release|x64
		{59F3ECE7-DCF6-4281-B16C-22545C1D80B1}.Release|x64.Build.0 = Release|x64
		{59F3ECE7-DCF6-4281-B16C-22545C1D80B1}.Release|x86.ActiveCfg = Release|Win32
		{59F3ECE7-DCF6-4281-B16C-22545C1D80B1}.Release|x86.Build.0 = Release|Win32
		{62274C44-16EC-40EA-86B5-DA6454A5C9CE}.Debug|x64.ActiveCfg = Debug|x64
		{62274C44-16EC-40EA-86B5-DA6454A5C9CE}.Debug|x64.Build.0 = Debug|x64
		{62274C44-16EC-40EA-86B5-DA6454A5C9CE}.Debug|x86.ActiveCfg = Debug|Win32
		{62274C44-16EC-40EA-86B5-DA6454A5C9CE}.Debug|x86.Build.0 = Debug|Win32
		{62274C44-16EC-40EA-86B5-DA6454A5C9CE}.Release|x64.ActiveCfg = Release|x64
		{62274C44-16EC-40EA-86B5-DA6454A5C9CE}.Release|x64.Build.0 = Release|x64
		{62274C44-16EC-40EA-86B5-DA6454A5C9CE}.Release|x86.ActiveCfg = Release|Win32
		{62274C44-16EC-40EA-86B5-DA6454A5C9CE}.Release|x86.Build.0 = Release|Win32
		{09229EF4-D1C1-44F9-8E4D-C39FF3428D35}.Debug|x64.ActiveCfg = Debug|x64
		{09229EF4-D1C1-44F9-8E4D-C39FF3428D35}.Debug|x64.Build.0 = Debug|x64
		{09229EF4-D1C1-44F9-8E4D-C39FF3428D35}.Debug|x86.ActiveCfg = Debug|Win32
		{09229EF4-D1C1-44F9-8E4D-C39FF3428D35}.Debug|x86.Build.0 = Debug|Win32
		{09229EF4-D1C1-44F9-8E4D-C39FF3428D35}.Release|x64.ActiveCfg = Release|x64
		{09229EF4-D1C1-44F9-8E4D-C39FF3428D35}.Release|x64.Build.0 = Release|x64
		{09229EF4-D1C1-44F9-8E4D-C39FF3428D35}.Release|x86.ActiveCfg = Release|Win32
		{09229EF4-D1C1-44F9-8E4D-C39FF3428D35}.Release|x86.Build.0 = Release|Win32
		{5080E50D-6297-472D-A7A4-027CA90998FF}.Debug|x64.ActiveCfg = Debug|x64
		{5080E50D-6297-472D-A7A4-027CA90998FF}.Debug|x64.Build.0 = Debug|x64
		{5080E50D-6297-472D-A7A4-027CA90998FF}.Debug|x86.ActiveCfg = Debug|Win32
		{5080E50D-6297-472D-A7A4-027CA90998FF}.Debug|x86.Build.0 = Debug|Win32
		{5080E50D-6297-472D-A7A4-027CA90998FF}.Release|x64.ActiveCfg = Release|x64
		{5080E50D-6297-472D-A7A4-027CA90998FF}.Release|x64.Build.0 = Release|x64
		{5080E50D-6297-472D-A7A4-027CA90998FF}.Release|x86.ActiveCfg = Release|Win32
		{5080E50D-6297-472D-A7A4-027CA90998FF}.Release|x86.Build.0 = Release|Win32
		{0E2E3DF8-E8DD-4B92-89CC-0707F1E422F9}.Debug|x64.ActiveCfg = Debug|x64
		{0E2E3DF8-E8DD-4B92-89CC-0707F1E422F9}.Debug|x64.Build.0 = Debug|x64
		{0E2E3DF8-E8DD-4B92-89CC-0707F1E422F9}.Debug|x86.ActiveCfg = Debug|Win32
		{0E2E3DF8-E8DD-4B92-89CC-0707F1E422F9}.Debug|x86.Build.0 = Debug|Win32
		{0E2E3DF8-E8DD-4B92-89CC-0707F1E422F9}.Release|x64.ActiveCfg = Release|x64
		{0E2E3DF8-E8DD-4B92-89CC-0707F1E422F9}.Release|x64.Build.0 = Release|x64
		{0E2E3DF8-E8DD-4B92-89CC-0707F1E422F9}.Release|x86.ActiveCfg = Release|Win32
		{0E2E3DF8-E8DD-4B92-89CC-0707F1E422F9}.Release|x86.Build.0 = Release|Win32
		{B5663759-10AF-4C19-9962-489F1E74CD94}.Debug|x64.ActiveCfg = Debug|x64
		{B5663759-10AF-4C19-9962-489F1E74CD94}.Debug|x64.Build.0 = Debug|x64
		{B5663759-10AF-4C19-9962-489F1E74CD94}.Debug|x86.ActiveCfg = Debug|Win32
		{B5663759-10AF-4C19-9962-489F1E74CD94}.Debug|x86.Build.0 = Debug|Win32
		{B5663759-10AF-4C19-9962-489F1E74CD94}.Release|x64.ActiveCfg = Release|x64
		{B5663759-10AF-4C19-9962-489F1E74CD94}.Release|x64.Build.0 = Release|x64
		{B5663759-10AF-4C19-9962-489F1E74CD94}.Release|x86.ActiveCfg = Release|Win32
		{B5663759-10AF-4C19-9962-489F1E74CD94}.Release|x86.Build.0 = Release|Win32
		{F62AAA29-7F7B-4D80-8018-EB40B078E054}.Debug|x64.ActiveCfg = Debug|x64
		{F62AAA29-7F7B-4D80-8018-EB40B078E054}.Debug|x64.Build.0 = Debug|x64
		{F62AAA29-7F7B-4D80-8018-EB40B078E054}.Debug|x86.ActiveCfg = Debug|Win32
		{F62AAA29-7F7B-4D80-8018-EB40B078E054}.Debug|x86.Build.0 = Debug|Win32
		{F62AAA29-7F7B-4D80-8018-EB40B078E054}.Release|x64.ActiveCfg = Release|x64
		{F62AAA29-7F7B-4D80-8018-EB40B078E054}.Release|x64.Build.0 = Release|x64
		{F62AAA29-7F7B-4D80-8018-EB40B078E054}.Release|x86.ActiveCfg = Release|Win32
		{F62AAA29-7F7B-4D80-8018-EB40B078E054}.Release|x86.Build.0 = Release|Win32
	EndGlobalSection
	GlobalSection(SolutionProperties) = preSolution
		HideSolutionNode = FALSE
	EndGlobalSection
EndGlobal
